
Microsoft Visual Studio Solution File, Format Version 12.00
# Visual Studio 14
VisualStudioVersion = 14.0.25123.0
MinimumVisualStudioVersion = 10.0.40219.1
Project("{FAE04EC0-301F-11D3-BF4B-00C04F79EFBC}") = "Tests", "Tests\Tests.csproj", "{78974502-8CF5-45C2-8950-9058D519F3C1}"
	ProjectSection(ProjectDependencies) = postProject
		{CBF03482-5D5C-42D5-8A3A-DCBF974522AD} = {CBF03482-5D5C-42D5-8A3A-DCBF974522AD}
	EndProjectSection
EndProject
Project("{FAE04EC0-301F-11D3-BF4B-00C04F79EFBC}") = "Engine", "Engine\Engine.csproj", "{14879A04-9168-4159-8FD4-05D1D49511AE}"
EndProject
Project("{FAE04EC0-301F-11D3-BF4B-00C04F79EFBC}") = "FullMocks.Fody", "FullMocks.Fody\FullMocks.Fody.csproj", "{CBF03482-5D5C-42D5-8A3A-DCBF974522AD}"
	ProjectSection(ProjectDependencies) = postProject
		{14879A04-9168-4159-8FD4-05D1D49511AE} = {14879A04-9168-4159-8FD4-05D1D49511AE}
	EndProjectSection
EndProject
Project("{FAE04EC0-301F-11D3-BF4B-00C04F79EFBC}") = "WrapMscorlib2", "WrapMscorlib2\WrapMscorlib2.csproj", "{96E91427-2EAD-417A-B9F5-268214AA806D}"
EndProject
Project("{FAE04EC0-301F-11D3-BF4B-00C04F79EFBC}") = "CallSitePatcher", "CallSitePatcher\CallSitePatcher.csproj", "{D2DFFCDB-DF58-431A-A8AF-25EB3AECF7F8}"
EndProject
Project("{FAE04EC0-301F-11D3-BF4B-00C04F79EFBC}") = "Unity.Testing.PrologPatcher", "Unity.Testing.PrologPatcher\Unity.Testing.PrologPatcher.csproj", "{20E4644A-D72F-490F-B788-49956359D231}"
EndProject
Project("{FAE04EC0-301F-11D3-BF4B-00C04F79EFBC}") = "Unity.Cecil.Visitor", "..\il2cpp\il2cpp\Unity.Cecil.Visitor\Unity.Cecil.Visitor.csproj", "{0E134DFA-4A4C-40DC-B669-E1EE7821D20E}"
EndProject
Project("{FAE04EC0-301F-11D3-BF4B-00C04F79EFBC}") = "Unity.Testing.PrologPatcher.Tests", "Unity.Testing.PrologPatcher.Tests\Unity.Testing.PrologPatcher.Tests.csproj", "{DB554BB3-CD66-4C0B-AEC5-3A128DAB2874}"
EndProject
Project("{FAE04EC0-301F-11D3-BF4B-00C04F79EFBC}") = "CallSitePatcher.Tests", "CallSitePatcher.Tests\CallSitePatcher.Tests.csproj", "{3E064248-B6EF-4ACF-8D8A-A5C84E4B39FF}"
EndProject
Project("{2150E333-8FDC-42A3-9474-1A3956D46DE8}") = "Patching", "Patching", "{35B7A652-163C-4099-AC8F-FB0DBABD63F8}"
EndProject
Global
	GlobalSection(SolutionConfigurationPlatforms) = preSolution
		Debug|Any CPU = Debug|Any CPU
		NET35-Debug|Any CPU = NET35-Debug|Any CPU
		NET35-Release|Any CPU = NET35-Release|Any CPU
		NET40-Debug|Any CPU = NET40-Debug|Any CPU
		NET40-Release|Any CPU = NET40-Release|Any CPU
		NET45-Debug|Any CPU = NET45-Debug|Any CPU
		NET45-Release|Any CPU = NET45-Release|Any CPU
		Release|Any CPU = Release|Any CPU
		SL40-Debug|Any CPU = SL40-Debug|Any CPU
		SL40-Release|Any CPU = SL40-Release|Any CPU
		SL50-Debug|Any CPU = SL50-Debug|Any CPU
		SL50-Release|Any CPU = SL50-Release|Any CPU
	EndGlobalSection
	GlobalSection(ProjectConfigurationPlatforms) = postSolution
		{78974502-8CF5-45C2-8950-9058D519F3C1}.Debug|Any CPU.ActiveCfg = Debug|Any CPU
		{78974502-8CF5-45C2-8950-9058D519F3C1}.Debug|Any CPU.Build.0 = Debug|Any CPU
		{78974502-8CF5-45C2-8950-9058D519F3C1}.NET35-Debug|Any CPU.ActiveCfg = Debug|Any CPU
		{78974502-8CF5-45C2-8950-9058D519F3C1}.NET35-Debug|Any CPU.Build.0 = Debug|Any CPU
		{78974502-8CF5-45C2-8950-9058D519F3C1}.NET35-Release|Any CPU.ActiveCfg = Release|Any CPU
		{78974502-8CF5-45C2-8950-9058D519F3C1}.NET35-Release|Any CPU.Build.0 = Release|Any CPU
		{78974502-8CF5-45C2-8950-9058D519F3C1}.NET40-Debug|Any CPU.ActiveCfg = Debug|Any CPU
		{78974502-8CF5-45C2-8950-9058D519F3C1}.NET40-Debug|Any CPU.Build.0 = Debug|Any CPU
		{78974502-8CF5-45C2-8950-9058D519F3C1}.NET40-Release|Any CPU.ActiveCfg = Release|Any CPU
		{78974502-8CF5-45C2-8950-9058D519F3C1}.NET40-Release|Any CPU.Build.0 = Release|Any CPU
		{78974502-8CF5-45C2-8950-9058D519F3C1}.NET45-Debug|Any CPU.ActiveCfg = Debug|Any CPU
		{78974502-8CF5-45C2-8950-9058D519F3C1}.NET45-Debug|Any CPU.Build.0 = Debug|Any CPU
		{78974502-8CF5-45C2-8950-9058D519F3C1}.NET45-Release|Any CPU.ActiveCfg = Release|Any CPU
		{78974502-8CF5-45C2-8950-9058D519F3C1}.NET45-Release|Any CPU.Build.0 = Release|Any CPU
		{78974502-8CF5-45C2-8950-9058D519F3C1}.Release|Any CPU.ActiveCfg = Release|Any CPU
		{78974502-8CF5-45C2-8950-9058D519F3C1}.Release|Any CPU.Build.0 = Release|Any CPU
		{78974502-8CF5-45C2-8950-9058D519F3C1}.SL40-Debug|Any CPU.ActiveCfg = Debug|Any CPU
		{78974502-8CF5-45C2-8950-9058D519F3C1}.SL40-Debug|Any CPU.Build.0 = Debug|Any CPU
		{78974502-8CF5-45C2-8950-9058D519F3C1}.SL40-Release|Any CPU.ActiveCfg = Release|Any CPU
		{78974502-8CF5-45C2-8950-9058D519F3C1}.SL40-Release|Any CPU.Build.0 = Release|Any CPU
		{78974502-8CF5-45C2-8950-9058D519F3C1}.SL50-Debug|Any CPU.ActiveCfg = Debug|Any CPU
		{78974502-8CF5-45C2-8950-9058D519F3C1}.SL50-Debug|Any CPU.Build.0 = Debug|Any CPU
		{78974502-8CF5-45C2-8950-9058D519F3C1}.SL50-Release|Any CPU.ActiveCfg = Release|Any CPU
		{78974502-8CF5-45C2-8950-9058D519F3C1}.SL50-Release|Any CPU.Build.0 = Release|Any CPU
		{14879A04-9168-4159-8FD4-05D1D49511AE}.Debug|Any CPU.ActiveCfg = Debug|Any CPU
		{14879A04-9168-4159-8FD4-05D1D49511AE}.Debug|Any CPU.Build.0 = Debug|Any CPU
		{14879A04-9168-4159-8FD4-05D1D49511AE}.NET35-Debug|Any CPU.ActiveCfg = Debug|Any CPU
		{14879A04-9168-4159-8FD4-05D1D49511AE}.NET35-Debug|Any CPU.Build.0 = Debug|Any CPU
		{14879A04-9168-4159-8FD4-05D1D49511AE}.NET35-Release|Any CPU.ActiveCfg = Release|Any CPU
		{14879A04-9168-4159-8FD4-05D1D49511AE}.NET35-Release|Any CPU.Build.0 = Release|Any CPU
		{14879A04-9168-4159-8FD4-05D1D49511AE}.NET40-Debug|Any CPU.ActiveCfg = Debug|Any CPU
		{14879A04-9168-4159-8FD4-05D1D49511AE}.NET40-Debug|Any CPU.Build.0 = Debug|Any CPU
		{14879A04-9168-4159-8FD4-05D1D49511AE}.NET40-Release|Any CPU.ActiveCfg = Release|Any CPU
		{14879A04-9168-4159-8FD4-05D1D49511AE}.NET40-Release|Any CPU.Build.0 = Release|Any CPU
		{14879A04-9168-4159-8FD4-05D1D49511AE}.NET45-Debug|Any CPU.ActiveCfg = Debug|Any CPU
		{14879A04-9168-4159-8FD4-05D1D49511AE}.NET45-Debug|Any CPU.Build.0 = Debug|Any CPU
		{14879A04-9168-4159-8FD4-05D1D49511AE}.NET45-Release|Any CPU.ActiveCfg = Release|Any CPU
		{14879A04-9168-4159-8FD4-05D1D49511AE}.NET45-Release|Any CPU.Build.0 = Release|Any CPU
		{14879A04-9168-4159-8FD4-05D1D49511AE}.Release|Any CPU.ActiveCfg = Release|Any CPU
		{14879A04-9168-4159-8FD4-05D1D49511AE}.Release|Any CPU.Build.0 = Release|Any CPU
		{14879A04-9168-4159-8FD4-05D1D49511AE}.SL40-Debug|Any CPU.ActiveCfg = Debug|Any CPU
		{14879A04-9168-4159-8FD4-05D1D49511AE}.SL40-Debug|Any CPU.Build.0 = Debug|Any CPU
		{14879A04-9168-4159-8FD4-05D1D49511AE}.SL40-Release|Any CPU.ActiveCfg = Release|Any CPU
		{14879A04-9168-4159-8FD4-05D1D49511AE}.SL40-Release|Any CPU.Build.0 = Release|Any CPU
		{14879A04-9168-4159-8FD4-05D1D49511AE}.SL50-Debug|Any CPU.ActiveCfg = Debug|Any CPU
		{14879A04-9168-4159-8FD4-05D1D49511AE}.SL50-Debug|Any CPU.Build.0 = Debug|Any CPU
		{14879A04-9168-4159-8FD4-05D1D49511AE}.SL50-Release|Any CPU.ActiveCfg = Release|Any CPU
		{14879A04-9168-4159-8FD4-05D1D49511AE}.SL50-Release|Any CPU.Build.0 = Release|Any CPU
		{CBF03482-5D5C-42D5-8A3A-DCBF974522AD}.Debug|Any CPU.ActiveCfg = Debug|Any CPU
		{CBF03482-5D5C-42D5-8A3A-DCBF974522AD}.Debug|Any CPU.Build.0 = Debug|Any CPU
		{CBF03482-5D5C-42D5-8A3A-DCBF974522AD}.NET35-Debug|Any CPU.ActiveCfg = Debug|Any CPU
		{CBF03482-5D5C-42D5-8A3A-DCBF974522AD}.NET35-Debug|Any CPU.Build.0 = Debug|Any CPU
		{CBF03482-5D5C-42D5-8A3A-DCBF974522AD}.NET35-Release|Any CPU.ActiveCfg = Release|Any CPU
		{CBF03482-5D5C-42D5-8A3A-DCBF974522AD}.NET35-Release|Any CPU.Build.0 = Release|Any CPU
		{CBF03482-5D5C-42D5-8A3A-DCBF974522AD}.NET40-Debug|Any CPU.ActiveCfg = Debug|Any CPU
		{CBF03482-5D5C-42D5-8A3A-DCBF974522AD}.NET40-Debug|Any CPU.Build.0 = Debug|Any CPU
		{CBF03482-5D5C-42D5-8A3A-DCBF974522AD}.NET40-Release|Any CPU.ActiveCfg = Release|Any CPU
		{CBF03482-5D5C-42D5-8A3A-DCBF974522AD}.NET40-Release|Any CPU.Build.0 = Release|Any CPU
		{CBF03482-5D5C-42D5-8A3A-DCBF974522AD}.NET45-Debug|Any CPU.ActiveCfg = Debug|Any CPU
		{CBF03482-5D5C-42D5-8A3A-DCBF974522AD}.NET45-Debug|Any CPU.Build.0 = Debug|Any CPU
		{CBF03482-5D5C-42D5-8A3A-DCBF974522AD}.NET45-Release|Any CPU.ActiveCfg = Release|Any CPU
		{CBF03482-5D5C-42D5-8A3A-DCBF974522AD}.NET45-Release|Any CPU.Build.0 = Release|Any CPU
		{CBF03482-5D5C-42D5-8A3A-DCBF974522AD}.Release|Any CPU.ActiveCfg = Release|Any CPU
		{CBF03482-5D5C-42D5-8A3A-DCBF974522AD}.Release|Any CPU.Build.0 = Release|Any CPU
		{CBF03482-5D5C-42D5-8A3A-DCBF974522AD}.SL40-Debug|Any CPU.ActiveCfg = Debug|Any CPU
		{CBF03482-5D5C-42D5-8A3A-DCBF974522AD}.SL40-Debug|Any CPU.Build.0 = Debug|Any CPU
		{CBF03482-5D5C-42D5-8A3A-DCBF974522AD}.SL40-Release|Any CPU.ActiveCfg = Release|Any CPU
		{CBF03482-5D5C-42D5-8A3A-DCBF974522AD}.SL40-Release|Any CPU.Build.0 = Release|Any CPU
		{CBF03482-5D5C-42D5-8A3A-DCBF974522AD}.SL50-Debug|Any CPU.ActiveCfg = Debug|Any CPU
		{CBF03482-5D5C-42D5-8A3A-DCBF974522AD}.SL50-Debug|Any CPU.Build.0 = Debug|Any CPU
		{CBF03482-5D5C-42D5-8A3A-DCBF974522AD}.SL50-Release|Any CPU.ActiveCfg = Release|Any CPU
		{CBF03482-5D5C-42D5-8A3A-DCBF974522AD}.SL50-Release|Any CPU.Build.0 = Release|Any CPU
		{96E91427-2EAD-417A-B9F5-268214AA806D}.Debug|Any CPU.ActiveCfg = Debug|Any CPU
		{96E91427-2EAD-417A-B9F5-268214AA806D}.Debug|Any CPU.Build.0 = Debug|Any CPU
		{96E91427-2EAD-417A-B9F5-268214AA806D}.NET35-Debug|Any CPU.ActiveCfg = Debug|Any CPU
		{96E91427-2EAD-417A-B9F5-268214AA806D}.NET35-Debug|Any CPU.Build.0 = Debug|Any CPU
		{96E91427-2EAD-417A-B9F5-268214AA806D}.NET35-Release|Any CPU.ActiveCfg = Release|Any CPU
		{96E91427-2EAD-417A-B9F5-268214AA806D}.NET35-Release|Any CPU.Build.0 = Release|Any CPU
		{96E91427-2EAD-417A-B9F5-268214AA806D}.NET40-Debug|Any CPU.ActiveCfg = Debug|Any CPU
		{96E91427-2EAD-417A-B9F5-268214AA806D}.NET40-Debug|Any CPU.Build.0 = Debug|Any CPU
		{96E91427-2EAD-417A-B9F5-268214AA806D}.NET40-Release|Any CPU.ActiveCfg = Release|Any CPU
		{96E91427-2EAD-417A-B9F5-268214AA806D}.NET40-Release|Any CPU.Build.0 = Release|Any CPU
		{96E91427-2EAD-417A-B9F5-268214AA806D}.NET45-Debug|Any CPU.ActiveCfg = Debug|Any CPU
		{96E91427-2EAD-417A-B9F5-268214AA806D}.NET45-Debug|Any CPU.Build.0 = Debug|Any CPU
		{96E91427-2EAD-417A-B9F5-268214AA806D}.NET45-Release|Any CPU.ActiveCfg = Release|Any CPU
		{96E91427-2EAD-417A-B9F5-268214AA806D}.NET45-Release|Any CPU.Build.0 = Release|Any CPU
		{96E91427-2EAD-417A-B9F5-268214AA806D}.Release|Any CPU.ActiveCfg = Release|Any CPU
		{96E91427-2EAD-417A-B9F5-268214AA806D}.Release|Any CPU.Build.0 = Release|Any CPU
		{96E91427-2EAD-417A-B9F5-268214AA806D}.SL40-Debug|Any CPU.ActiveCfg = Debug|Any CPU
		{96E91427-2EAD-417A-B9F5-268214AA806D}.SL40-Debug|Any CPU.Build.0 = Debug|Any CPU
		{96E91427-2EAD-417A-B9F5-268214AA806D}.SL40-Release|Any CPU.ActiveCfg = Release|Any CPU
		{96E91427-2EAD-417A-B9F5-268214AA806D}.SL40-Release|Any CPU.Build.0 = Release|Any CPU
		{96E91427-2EAD-417A-B9F5-268214AA806D}.SL50-Debug|Any CPU.ActiveCfg = Debug|Any CPU
		{96E91427-2EAD-417A-B9F5-268214AA806D}.SL50-Debug|Any CPU.Build.0 = Debug|Any CPU
		{96E91427-2EAD-417A-B9F5-268214AA806D}.SL50-Release|Any CPU.ActiveCfg = Release|Any CPU
		{96E91427-2EAD-417A-B9F5-268214AA806D}.SL50-Release|Any CPU.Build.0 = Release|Any CPU
		{D2DFFCDB-DF58-431A-A8AF-25EB3AECF7F8}.Debug|Any CPU.ActiveCfg = Debug|Any CPU
		{D2DFFCDB-DF58-431A-A8AF-25EB3AECF7F8}.Debug|Any CPU.Build.0 = Debug|Any CPU
		{D2DFFCDB-DF58-431A-A8AF-25EB3AECF7F8}.NET35-Debug|Any CPU.ActiveCfg = Debug|Any CPU
		{D2DFFCDB-DF58-431A-A8AF-25EB3AECF7F8}.NET35-Debug|Any CPU.Build.0 = Debug|Any CPU
		{D2DFFCDB-DF58-431A-A8AF-25EB3AECF7F8}.NET35-Release|Any CPU.ActiveCfg = Release|Any CPU
		{D2DFFCDB-DF58-431A-A8AF-25EB3AECF7F8}.NET35-Release|Any CPU.Build.0 = Release|Any CPU
		{D2DFFCDB-DF58-431A-A8AF-25EB3AECF7F8}.NET40-Debug|Any CPU.ActiveCfg = Debug|Any CPU
		{D2DFFCDB-DF58-431A-A8AF-25EB3AECF7F8}.NET40-Debug|Any CPU.Build.0 = Debug|Any CPU
		{D2DFFCDB-DF58-431A-A8AF-25EB3AECF7F8}.NET40-Release|Any CPU.ActiveCfg = Release|Any CPU
		{D2DFFCDB-DF58-431A-A8AF-25EB3AECF7F8}.NET40-Release|Any CPU.Build.0 = Release|Any CPU
		{D2DFFCDB-DF58-431A-A8AF-25EB3AECF7F8}.NET45-Debug|Any CPU.ActiveCfg = Debug|Any CPU
		{D2DFFCDB-DF58-431A-A8AF-25EB3AECF7F8}.NET45-Debug|Any CPU.Build.0 = Debug|Any CPU
		{D2DFFCDB-DF58-431A-A8AF-25EB3AECF7F8}.NET45-Release|Any CPU.ActiveCfg = Release|Any CPU
		{D2DFFCDB-DF58-431A-A8AF-25EB3AECF7F8}.NET45-Release|Any CPU.Build.0 = Release|Any CPU
		{D2DFFCDB-DF58-431A-A8AF-25EB3AECF7F8}.Release|Any CPU.ActiveCfg = Release|Any CPU
		{D2DFFCDB-DF58-431A-A8AF-25EB3AECF7F8}.Release|Any CPU.Build.0 = Release|Any CPU
		{D2DFFCDB-DF58-431A-A8AF-25EB3AECF7F8}.SL40-Debug|Any CPU.ActiveCfg = Debug|Any CPU
		{D2DFFCDB-DF58-431A-A8AF-25EB3AECF7F8}.SL40-Debug|Any CPU.Build.0 = Debug|Any CPU
		{D2DFFCDB-DF58-431A-A8AF-25EB3AECF7F8}.SL40-Release|Any CPU.ActiveCfg = Release|Any CPU
		{D2DFFCDB-DF58-431A-A8AF-25EB3AECF7F8}.SL40-Release|Any CPU.Build.0 = Release|Any CPU
		{D2DFFCDB-DF58-431A-A8AF-25EB3AECF7F8}.SL50-Debug|Any CPU.ActiveCfg = Debug|Any CPU
		{D2DFFCDB-DF58-431A-A8AF-25EB3AECF7F8}.SL50-Debug|Any CPU.Build.0 = Debug|Any CPU
		{D2DFFCDB-DF58-431A-A8AF-25EB3AECF7F8}.SL50-Release|Any CPU.ActiveCfg = Release|Any CPU
		{D2DFFCDB-DF58-431A-A8AF-25EB3AECF7F8}.SL50-Release|Any CPU.Build.0 = Release|Any CPU
		{20E4644A-D72F-490F-B788-49956359D231}.Debug|Any CPU.ActiveCfg = Debug|Any CPU
		{20E4644A-D72F-490F-B788-49956359D231}.Debug|Any CPU.Build.0 = Debug|Any CPU
		{20E4644A-D72F-490F-B788-49956359D231}.NET35-Debug|Any CPU.ActiveCfg = Debug|Any CPU
		{20E4644A-D72F-490F-B788-49956359D231}.NET35-Debug|Any CPU.Build.0 = Debug|Any CPU
		{20E4644A-D72F-490F-B788-49956359D231}.NET35-Release|Any CPU.ActiveCfg = Release|Any CPU
		{20E4644A-D72F-490F-B788-49956359D231}.NET35-Release|Any CPU.Build.0 = Release|Any CPU
		{20E4644A-D72F-490F-B788-49956359D231}.NET40-Debug|Any CPU.ActiveCfg = Debug|Any CPU
		{20E4644A-D72F-490F-B788-49956359D231}.NET40-Debug|Any CPU.Build.0 = Debug|Any CPU
		{20E4644A-D72F-490F-B788-49956359D231}.NET40-Release|Any CPU.ActiveCfg = Release|Any CPU
		{20E4644A-D72F-490F-B788-49956359D231}.NET40-Release|Any CPU.Build.0 = Release|Any CPU
		{20E4644A-D72F-490F-B788-49956359D231}.NET45-Debug|Any CPU.ActiveCfg = Debug|Any CPU
		{20E4644A-D72F-490F-B788-49956359D231}.NET45-Debug|Any CPU.Build.0 = Debug|Any CPU
		{20E4644A-D72F-490F-B788-49956359D231}.NET45-Release|Any CPU.ActiveCfg = Release|Any CPU
		{20E4644A-D72F-490F-B788-49956359D231}.NET45-Release|Any CPU.Build.0 = Release|Any CPU
		{20E4644A-D72F-490F-B788-49956359D231}.Release|Any CPU.ActiveCfg = Release|Any CPU
		{20E4644A-D72F-490F-B788-49956359D231}.Release|Any CPU.Build.0 = Release|Any CPU
		{20E4644A-D72F-490F-B788-49956359D231}.SL40-Debug|Any CPU.ActiveCfg = Debug|Any CPU
		{20E4644A-D72F-490F-B788-49956359D231}.SL40-Debug|Any CPU.Build.0 = Debug|Any CPU
		{20E4644A-D72F-490F-B788-49956359D231}.SL40-Release|Any CPU.ActiveCfg = Release|Any CPU
		{20E4644A-D72F-490F-B788-49956359D231}.SL40-Release|Any CPU.Build.0 = Release|Any CPU
		{20E4644A-D72F-490F-B788-49956359D231}.SL50-Debug|Any CPU.ActiveCfg = Debug|Any CPU
		{20E4644A-D72F-490F-B788-49956359D231}.SL50-Debug|Any CPU.Build.0 = Debug|Any CPU
		{20E4644A-D72F-490F-B788-49956359D231}.SL50-Release|Any CPU.ActiveCfg = Release|Any CPU
		{20E4644A-D72F-490F-B788-49956359D231}.SL50-Release|Any CPU.Build.0 = Release|Any CPU
		{0E134DFA-4A4C-40DC-B669-E1EE7821D20E}.Debug|Any CPU.ActiveCfg = Debug|Any CPU
		{0E134DFA-4A4C-40DC-B669-E1EE7821D20E}.Debug|Any CPU.Build.0 = Debug|Any CPU
		{0E134DFA-4A4C-40DC-B669-E1EE7821D20E}.NET35-Debug|Any CPU.ActiveCfg = Debug|Any CPU
		{0E134DFA-4A4C-40DC-B669-E1EE7821D20E}.NET35-Debug|Any CPU.Build.0 = Debug|Any CPU
		{0E134DFA-4A4C-40DC-B669-E1EE7821D20E}.NET35-Release|Any CPU.ActiveCfg = Release|Any CPU
		{0E134DFA-4A4C-40DC-B669-E1EE7821D20E}.NET35-Release|Any CPU.Build.0 = Release|Any CPU
		{0E134DFA-4A4C-40DC-B669-E1EE7821D20E}.NET40-Debug|Any CPU.ActiveCfg = Debug|Any CPU
		{0E134DFA-4A4C-40DC-B669-E1EE7821D20E}.NET40-Debug|Any CPU.Build.0 = Debug|Any CPU
		{0E134DFA-4A4C-40DC-B669-E1EE7821D20E}.NET40-Release|Any CPU.ActiveCfg = Release|Any CPU
		{0E134DFA-4A4C-40DC-B669-E1EE7821D20E}.NET40-Release|Any CPU.Build.0 = Release|Any CPU
		{0E134DFA-4A4C-40DC-B669-E1EE7821D20E}.NET45-Debug|Any CPU.ActiveCfg = Debug|Any CPU
		{0E134DFA-4A4C-40DC-B669-E1EE7821D20E}.NET45-Debug|Any CPU.Build.0 = Debug|Any CPU
		{0E134DFA-4A4C-40DC-B669-E1EE7821D20E}.NET45-Release|Any CPU.ActiveCfg = Release|Any CPU
		{0E134DFA-4A4C-40DC-B669-E1EE7821D20E}.NET45-Release|Any CPU.Build.0 = Release|Any CPU
		{0E134DFA-4A4C-40DC-B669-E1EE7821D20E}.Release|Any CPU.ActiveCfg = Release|Any CPU
		{0E134DFA-4A4C-40DC-B669-E1EE7821D20E}.Release|Any CPU.Build.0 = Release|Any CPU
		{0E134DFA-4A4C-40DC-B669-E1EE7821D20E}.SL40-Debug|Any CPU.ActiveCfg = Debug|Any CPU
		{0E134DFA-4A4C-40DC-B669-E1EE7821D20E}.SL40-Debug|Any CPU.Build.0 = Debug|Any CPU
		{0E134DFA-4A4C-40DC-B669-E1EE7821D20E}.SL40-Release|Any CPU.ActiveCfg = Release|Any CPU
		{0E134DFA-4A4C-40DC-B669-E1EE7821D20E}.SL40-Release|Any CPU.Build.0 = Release|Any CPU
		{0E134DFA-4A4C-40DC-B669-E1EE7821D20E}.SL50-Debug|Any CPU.ActiveCfg = Debug|Any CPU
		{0E134DFA-4A4C-40DC-B669-E1EE7821D20E}.SL50-Debug|Any CPU.Build.0 = Debug|Any CPU
		{0E134DFA-4A4C-40DC-B669-E1EE7821D20E}.SL50-Release|Any CPU.ActiveCfg = Release|Any CPU
		{0E134DFA-4A4C-40DC-B669-E1EE7821D20E}.SL50-Release|Any CPU.Build.0 = Release|Any CPU
		{DB554BB3-CD66-4C0B-AEC5-3A128DAB2874}.Debug|Any CPU.ActiveCfg = Debug|Any CPU
		{DB554BB3-CD66-4C0B-AEC5-3A128DAB2874}.Debug|Any CPU.Build.0 = Debug|Any CPU
		{DB554BB3-CD66-4C0B-AEC5-3A128DAB2874}.NET35-Debug|Any CPU.ActiveCfg = Debug|Any CPU
		{DB554BB3-CD66-4C0B-AEC5-3A128DAB2874}.NET35-Debug|Any CPU.Build.0 = Debug|Any CPU
		{DB554BB3-CD66-4C0B-AEC5-3A128DAB2874}.NET35-Release|Any CPU.ActiveCfg = Release|Any CPU
		{DB554BB3-CD66-4C0B-AEC5-3A128DAB2874}.NET35-Release|Any CPU.Build.0 = Release|Any CPU
		{DB554BB3-CD66-4C0B-AEC5-3A128DAB2874}.NET40-Debug|Any CPU.ActiveCfg = Debug|Any CPU
		{DB554BB3-CD66-4C0B-AEC5-3A128DAB2874}.NET40-Debug|Any CPU.Build.0 = Debug|Any CPU
		{DB554BB3-CD66-4C0B-AEC5-3A128DAB2874}.NET40-Release|Any CPU.ActiveCfg = Release|Any CPU
		{DB554BB3-CD66-4C0B-AEC5-3A128DAB2874}.NET40-Release|Any CPU.Build.0 = Release|Any CPU
		{DB554BB3-CD66-4C0B-AEC5-3A128DAB2874}.NET45-Debug|Any CPU.ActiveCfg = Debug|Any CPU
		{DB554BB3-CD66-4C0B-AEC5-3A128DAB2874}.NET45-Debug|Any CPU.Build.0 = Debug|Any CPU
		{DB554BB3-CD66-4C0B-AEC5-3A128DAB2874}.NET45-Release|Any CPU.ActiveCfg = Release|Any CPU
		{DB554BB3-CD66-4C0B-AEC5-3A128DAB2874}.NET45-Release|Any CPU.Build.0 = Release|Any CPU
		{DB554BB3-CD66-4C0B-AEC5-3A128DAB2874}.Release|Any CPU.ActiveCfg = Release|Any CPU
		{DB554BB3-CD66-4C0B-AEC5-3A128DAB2874}.Release|Any CPU.Build.0 = Release|Any CPU
		{DB554BB3-CD66-4C0B-AEC5-3A128DAB2874}.SL40-Debug|Any CPU.ActiveCfg = Debug|Any CPU
		{DB554BB3-CD66-4C0B-AEC5-3A128DAB2874}.SL40-Debug|Any CPU.Build.0 = Debug|Any CPU
		{DB554BB3-CD66-4C0B-AEC5-3A128DAB2874}.SL40-Release|Any CPU.ActiveCfg = Release|Any CPU
		{DB554BB3-CD66-4C0B-AEC5-3A128DAB2874}.SL40-Release|Any CPU.Build.0 = Release|Any CPU
		{DB554BB3-CD66-4C0B-AEC5-3A128DAB2874}.SL50-Debug|Any CPU.ActiveCfg = Debug|Any CPU
		{DB554BB3-CD66-4C0B-AEC5-3A128DAB2874}.SL50-Debug|Any CPU.Build.0 = Debug|Any CPU
		{DB554BB3-CD66-4C0B-AEC5-3A128DAB2874}.SL50-Release|Any CPU.ActiveCfg = Release|Any CPU
		{DB554BB3-CD66-4C0B-AEC5-3A128DAB2874}.SL50-Release|Any CPU.Build.0 = Release|Any CPU
		{3E064248-B6EF-4ACF-8D8A-A5C84E4B39FF}.Debug|Any CPU.ActiveCfg = Debug|Any CPU
		{3E064248-B6EF-4ACF-8D8A-A5C84E4B39FF}.Debug|Any CPU.Build.0 = Debug|Any CPU
		{3E064248-B6EF-4ACF-8D8A-A5C84E4B39FF}.NET35-Debug|Any CPU.ActiveCfg = Debug|Any CPU
		{3E064248-B6EF-4ACF-8D8A-A5C84E4B39FF}.NET35-Debug|Any CPU.Build.0 = Debug|Any CPU
		{3E064248-B6EF-4ACF-8D8A-A5C84E4B39FF}.NET35-Release|Any CPU.ActiveCfg = Release|Any CPU
		{3E064248-B6EF-4ACF-8D8A-A5C84E4B39FF}.NET35-Release|Any CPU.Build.0 = Release|Any CPU
		{3E064248-B6EF-4ACF-8D8A-A5C84E4B39FF}.NET40-Debug|Any CPU.ActiveCfg = Debug|Any CPU
		{3E064248-B6EF-4ACF-8D8A-A5C84E4B39FF}.NET40-Debug|Any CPU.Build.0 = Debug|Any CPU
		{3E064248-B6EF-4ACF-8D8A-A5C84E4B39FF}.NET40-Release|Any CPU.ActiveCfg = Release|Any CPU
		{3E064248-B6EF-4ACF-8D8A-A5C84E4B39FF}.NET40-Release|Any CPU.Build.0 = Release|Any CPU
		{3E064248-B6EF-4ACF-8D8A-A5C84E4B39FF}.NET45-Debug|Any CPU.ActiveCfg = Debug|Any CPU
		{3E064248-B6EF-4ACF-8D8A-A5C84E4B39FF}.NET45-Debug|Any CPU.Build.0 = Debug|Any CPU
		{3E064248-B6EF-4ACF-8D8A-A5C84E4B39FF}.NET45-Release|Any CPU.ActiveCfg = Release|Any CPU
		{3E064248-B6EF-4ACF-8D8A-A5C84E4B39FF}.NET45-Release|Any CPU.Build.0 = Release|Any CPU
		{3E064248-B6EF-4ACF-8D8A-A5C84E4B39FF}.Release|Any CPU.ActiveCfg = Release|Any CPU
		{3E064248-B6EF-4ACF-8D8A-A5C84E4B39FF}.Release|Any CPU.Build.0 = Release|Any CPU
		{3E064248-B6EF-4ACF-8D8A-A5C84E4B39FF}.SL40-Debug|Any CPU.ActiveCfg = Debug|Any CPU
		{3E064248-B6EF-4ACF-8D8A-A5C84E4B39FF}.SL40-Debug|Any CPU.Build.0 = Debug|Any CPU
		{3E064248-B6EF-4ACF-8D8A-A5C84E4B39FF}.SL40-Release|Any CPU.ActiveCfg = Release|Any CPU
		{3E064248-B6EF-4ACF-8D8A-A5C84E4B39FF}.SL40-Release|Any CPU.Build.0 = Release|Any CPU
		{3E064248-B6EF-4ACF-8D8A-A5C84E4B39FF}.SL50-Debug|Any CPU.ActiveCfg = Debug|Any CPU
		{3E064248-B6EF-4ACF-8D8A-A5C84E4B39FF}.SL50-Debug|Any CPU.Build.0 = Debug|Any CPU
		{3E064248-B6EF-4ACF-8D8A-A5C84E4B39FF}.SL50-Release|Any CPU.ActiveCfg = Release|Any CPU
		{3E064248-B6EF-4ACF-8D8A-A5C84E4B39FF}.SL50-Release|Any CPU.Build.0 = Release|Any CPU
	EndGlobalSection
	GlobalSection(SolutionProperties) = preSolution
		HideSolutionNode = FALSE
	EndGlobalSection
	GlobalSection(NestedProjects) = preSolution
		{CBF03482-5D5C-42D5-8A3A-DCBF974522AD} = {35B7A652-163C-4099-AC8F-FB0DBABD63F8}
		{96E91427-2EAD-417A-B9F5-268214AA806D} = {35B7A652-163C-4099-AC8F-FB0DBABD63F8}
		{D2DFFCDB-DF58-431A-A8AF-25EB3AECF7F8} = {35B7A652-163C-4099-AC8F-FB0DBABD63F8}
		{20E4644A-D72F-490F-B788-49956359D231} = {35B7A652-163C-4099-AC8F-FB0DBABD63F8}
		{0E134DFA-4A4C-40DC-B669-E1EE7821D20E} = {35B7A652-163C-4099-AC8F-FB0DBABD63F8}
		{DB554BB3-CD66-4C0B-AEC5-3A128DAB2874} = {35B7A652-163C-4099-AC8F-FB0DBABD63F8}
		{3E064248-B6EF-4ACF-8D8A-A5C84E4B39FF} = {35B7A652-163C-4099-AC8F-FB0DBABD63F8}
	EndGlobalSection
EndGlobal
