
Microsoft Visual Studio Solution File, Format Version 12.00
# Visual Studio 14
VisualStudioVersion = 14.0.25123.0
MinimumVisualStudioVersion = 10.0.40219.1
Project("{FAE04EC0-301F-11D3-BF4B-00C04F79EFBC}") = "NSubstitute.Specs", "NSubstitute.Specs\NSubstitute.Specs.csproj", "{8EAB429F-B67B-43A0-86D7-4BAFCE0AC0A3}"
EndProject
Project("{FAE04EC0-301F-11D3-BF4B-00C04F79EFBC}") = "NSubstitute", "NSubstitute\NSubstitute.csproj", "{CC6C16CC-053D-4A67-B48F-7FF4304F2896}"
EndProject
Project("{FAE04EC0-301F-11D3-BF4B-00C04F79EFBC}") = "NSubstitute.Acceptance.Specs", "NSubstitute.Acceptance.Specs\NSubstitute.Acceptance.Specs.csproj", "{F78923F8-6B25-495F-B251-5773D0C2D1D2}"
EndProject
Project("{2150E333-8FDC-42A3-9474-1A3956D46DE8}") = "Solution Items", "Solution Items", "{1881DE2A-CEA3-4C69-966D-95A1F08D68E1}"
	ProjectSection(SolutionItems) = preProject
		..\BreakingChanges.txt = ..\BreakingChanges.txt
		..\CHANGELOG.txt = ..\CHANGELOG.txt
	EndProjectSection
EndProject
Project("{2150E333-8FDC-42A3-9474-1A3956D46DE8}") = "Weaving", "Weaving", "{E0848B61-5C73-433D-9CE2-AE1E79C4DF5B}"
EndProject
Project("{FAE04EC0-301F-11D3-BF4B-00C04F79EFBC}") = "NSubstitute.Weaver", "Weaving\NSubstitute.Weaver\NSubstitute.Weaver.csproj", "{1F4E8339-BC3E-4CAF-9F18-971A30B35A5E}"
	ProjectSection(ProjectDependencies) = postProject
		{CC6C16CC-053D-4A67-B48F-7FF4304F2896} = {CC6C16CC-053D-4A67-B48F-7FF4304F2896}
	EndProjectSection
EndProject
Project("{FAE04EC0-301F-11D3-BF4B-00C04F79EFBC}") = "NSubstitute.Weaver.App", "Weaving\NSubstitute.Weaver.App\NSubstitute.Weaver.App.csproj", "{CF6C832B-22FB-47CB-8F75-456F2B966FC9}"
EndProject
Project("{FAE04EC0-301F-11D3-BF4B-00C04F79EFBC}") = "Unity.Cecil.Visitor", "Weaving\Unity.Cecil.Visitor\Unity.Cecil.Visitor.csproj", "{0E134DFA-4A4C-40DC-B669-E1EE7821D20E}"
EndProject
Project("{FAE04EC0-301F-11D3-BF4B-00C04F79EFBC}") = "Unity.Cecil.Visitor.Tests", "Weaving\Unity.Cecil.Visitor.Tests\Unity.Cecil.Visitor.Tests.csproj", "{B5D378F7-921B-4415-B472-5971C5F3CB65}"
EndProject
Project("{FAE04EC0-301F-11D3-BF4B-00C04F79EFBC}") = "NSubstitute.Weaver.Tests", "Weaving\NSubstitute.Weaver.Tests\NSubstitute.Weaver.Tests.csproj", "{BA3E5835-8344-4F4F-96AE-C2A1270735F0}"
EndProject
Global
	GlobalSection(SolutionConfigurationPlatforms) = preSolution
		Debug|Any CPU = Debug|Any CPU
		NET35-Debug|Any CPU = NET35-Debug|Any CPU
		NET35-Release|Any CPU = NET35-Release|Any CPU
		NET40-Debug|Any CPU = NET40-Debug|Any CPU
		NET40-Release|Any CPU = NET40-Release|Any CPU
		NET45-Debug|Any CPU = NET45-Debug|Any CPU
		NET45-Release|Any CPU = NET45-Release|Any CPU
		Release|Any CPU = Release|Any CPU
	EndGlobalSection
	GlobalSection(ProjectConfigurationPlatforms) = postSolution
		{8EAB429F-B67B-43A0-86D7-4BAFCE0AC0A3}.Debug|Any CPU.ActiveCfg = NET45-Debug|Any CPU
		{8EAB429F-B67B-43A0-86D7-4BAFCE0AC0A3}.Debug|Any CPU.Build.0 = NET45-Debug|Any CPU
		{8EAB429F-B67B-43A0-86D7-4BAFCE0AC0A3}.NET35-Debug|Any CPU.ActiveCfg = NET35-Debug|Any CPU
		{8EAB429F-B67B-43A0-86D7-4BAFCE0AC0A3}.NET35-Debug|Any CPU.Build.0 = NET35-Debug|Any CPU
		{8EAB429F-B67B-43A0-86D7-4BAFCE0AC0A3}.NET35-Release|Any CPU.ActiveCfg = NET35-Release|Any CPU
		{8EAB429F-B67B-43A0-86D7-4BAFCE0AC0A3}.NET35-Release|Any CPU.Build.0 = NET35-Release|Any CPU
		{8EAB429F-B67B-43A0-86D7-4BAFCE0AC0A3}.NET40-Debug|Any CPU.ActiveCfg = NET40-Debug|Any CPU
		{8EAB429F-B67B-43A0-86D7-4BAFCE0AC0A3}.NET40-Debug|Any CPU.Build.0 = NET40-Debug|Any CPU
		{8EAB429F-B67B-43A0-86D7-4BAFCE0AC0A3}.NET40-Release|Any CPU.ActiveCfg = NET40-Release|Any CPU
		{8EAB429F-B67B-43A0-86D7-4BAFCE0AC0A3}.NET40-Release|Any CPU.Build.0 = NET40-Release|Any CPU
		{8EAB429F-B67B-43A0-86D7-4BAFCE0AC0A3}.NET45-Debug|Any CPU.ActiveCfg = NET45-Debug|Any CPU
		{8EAB429F-B67B-43A0-86D7-4BAFCE0AC0A3}.NET45-Debug|Any CPU.Build.0 = NET45-Debug|Any CPU
		{8EAB429F-B67B-43A0-86D7-4BAFCE0AC0A3}.NET45-Release|Any CPU.ActiveCfg = NET45-Release|Any CPU
		{8EAB429F-B67B-43A0-86D7-4BAFCE0AC0A3}.NET45-Release|Any CPU.Build.0 = NET45-Release|Any CPU
		{8EAB429F-B67B-43A0-86D7-4BAFCE0AC0A3}.Release|Any CPU.ActiveCfg = NET45-Release|Any CPU
		{8EAB429F-B67B-43A0-86D7-4BAFCE0AC0A3}.Release|Any CPU.Build.0 = NET45-Release|Any CPU
		{CC6C16CC-053D-4A67-B48F-7FF4304F2896}.Debug|Any CPU.ActiveCfg = NET45-Debug|Any CPU
		{CC6C16CC-053D-4A67-B48F-7FF4304F2896}.Debug|Any CPU.Build.0 = NET45-Debug|Any CPU
		{CC6C16CC-053D-4A67-B48F-7FF4304F2896}.NET35-Debug|Any CPU.ActiveCfg = NET35-Debug|Any CPU
		{CC6C16CC-053D-4A67-B48F-7FF4304F2896}.NET35-Debug|Any CPU.Build.0 = NET35-Debug|Any CPU
		{CC6C16CC-053D-4A67-B48F-7FF4304F2896}.NET35-Release|Any CPU.ActiveCfg = NET35-Release|Any CPU
		{CC6C16CC-053D-4A67-B48F-7FF4304F2896}.NET35-Release|Any CPU.Build.0 = NET35-Release|Any CPU
		{CC6C16CC-053D-4A67-B48F-7FF4304F2896}.NET40-Debug|Any CPU.ActiveCfg = NET40-Debug|Any CPU
		{CC6C16CC-053D-4A67-B48F-7FF4304F2896}.NET40-Debug|Any CPU.Build.0 = NET40-Debug|Any CPU
		{CC6C16CC-053D-4A67-B48F-7FF4304F2896}.NET40-Release|Any CPU.ActiveCfg = NET40-Release|Any CPU
		{CC6C16CC-053D-4A67-B48F-7FF4304F2896}.NET40-Release|Any CPU.Build.0 = NET40-Release|Any CPU
		{CC6C16CC-053D-4A67-B48F-7FF4304F2896}.NET45-Debug|Any CPU.ActiveCfg = NET45-Debug|Any CPU
		{CC6C16CC-053D-4A67-B48F-7FF4304F2896}.NET45-Debug|Any CPU.Build.0 = NET45-Debug|Any CPU
		{CC6C16CC-053D-4A67-B48F-7FF4304F2896}.NET45-Release|Any CPU.ActiveCfg = NET45-Release|Any CPU
		{CC6C16CC-053D-4A67-B48F-7FF4304F2896}.NET45-Release|Any CPU.Build.0 = NET45-Release|Any CPU
		{CC6C16CC-053D-4A67-B48F-7FF4304F2896}.Release|Any CPU.ActiveCfg = NET45-Release|Any CPU
		{CC6C16CC-053D-4A67-B48F-7FF4304F2896}.Release|Any CPU.Build.0 = NET45-Release|Any CPU
		{F78923F8-6B25-495F-B251-5773D0C2D1D2}.Debug|Any CPU.ActiveCfg = NET45-Debug|Any CPU
		{F78923F8-6B25-495F-B251-5773D0C2D1D2}.Debug|Any CPU.Build.0 = NET45-Debug|Any CPU
		{F78923F8-6B25-495F-B251-5773D0C2D1D2}.NET35-Debug|Any CPU.ActiveCfg = NET35-Debug|Any CPU
		{F78923F8-6B25-495F-B251-5773D0C2D1D2}.NET35-Debug|Any CPU.Build.0 = NET35-Debug|Any CPU
		{F78923F8-6B25-495F-B251-5773D0C2D1D2}.NET35-Release|Any CPU.ActiveCfg = NET35-Release|Any CPU
		{F78923F8-6B25-495F-B251-5773D0C2D1D2}.NET35-Release|Any CPU.Build.0 = NET35-Release|Any CPU
		{F78923F8-6B25-495F-B251-5773D0C2D1D2}.NET40-Debug|Any CPU.ActiveCfg = NET40-Debug|Any CPU
		{F78923F8-6B25-495F-B251-5773D0C2D1D2}.NET40-Debug|Any CPU.Build.0 = NET40-Debug|Any CPU
		{F78923F8-6B25-495F-B251-5773D0C2D1D2}.NET40-Release|Any CPU.ActiveCfg = NET40-Release|Any CPU
		{F78923F8-6B25-495F-B251-5773D0C2D1D2}.NET40-Release|Any CPU.Build.0 = NET40-Release|Any CPU
		{F78923F8-6B25-495F-B251-5773D0C2D1D2}.NET45-Debug|Any CPU.ActiveCfg = NET45-Debug|Any CPU
		{F78923F8-6B25-495F-B251-5773D0C2D1D2}.NET45-Debug|Any CPU.Build.0 = NET45-Debug|Any CPU
		{F78923F8-6B25-495F-B251-5773D0C2D1D2}.NET45-Release|Any CPU.ActiveCfg = NET45-Release|Any CPU
		{F78923F8-6B25-495F-B251-5773D0C2D1D2}.NET45-Release|Any CPU.Build.0 = NET45-Release|Any CPU
		{F78923F8-6B25-495F-B251-5773D0C2D1D2}.Release|Any CPU.ActiveCfg = NET45-Release|Any CPU
		{F78923F8-6B25-495F-B251-5773D0C2D1D2}.Release|Any CPU.Build.0 = NET45-Release|Any CPU
		{1F4E8339-BC3E-4CAF-9F18-971A30B35A5E}.Debug|Any CPU.ActiveCfg = Debug|Any CPU
		{1F4E8339-BC3E-4CAF-9F18-971A30B35A5E}.Debug|Any CPU.Build.0 = Debug|Any CPU
		{1F4E8339-BC3E-4CAF-9F18-971A30B35A5E}.NET35-Debug|Any CPU.ActiveCfg = Debug|Any CPU
		{1F4E8339-BC3E-4CAF-9F18-971A30B35A5E}.NET35-Debug|Any CPU.Build.0 = Debug|Any CPU
		{1F4E8339-BC3E-4CAF-9F18-971A30B35A5E}.NET35-Release|Any CPU.ActiveCfg = Release|Any CPU
		{1F4E8339-BC3E-4CAF-9F18-971A30B35A5E}.NET35-Release|Any CPU.Build.0 = Release|Any CPU
		{1F4E8339-BC3E-4CAF-9F18-971A30B35A5E}.NET40-Debug|Any CPU.ActiveCfg = Debug|Any CPU
		{1F4E8339-BC3E-4CAF-9F18-971A30B35A5E}.NET40-Debug|Any CPU.Build.0 = Debug|Any CPU
		{1F4E8339-BC3E-4CAF-9F18-971A30B35A5E}.NET40-Release|Any CPU.ActiveCfg = Release|Any CPU
		{1F4E8339-BC3E-4CAF-9F18-971A30B35A5E}.NET40-Release|Any CPU.Build.0 = Release|Any CPU
		{1F4E8339-BC3E-4CAF-9F18-971A30B35A5E}.NET45-Debug|Any CPU.ActiveCfg = Debug|Any CPU
		{1F4E8339-BC3E-4CAF-9F18-971A30B35A5E}.NET45-Debug|Any CPU.Build.0 = Debug|Any CPU
		{1F4E8339-BC3E-4CAF-9F18-971A30B35A5E}.NET45-Release|Any CPU.ActiveCfg = Release|Any CPU
		{1F4E8339-BC3E-4CAF-9F18-971A30B35A5E}.NET45-Release|Any CPU.Build.0 = Release|Any CPU
		{1F4E8339-BC3E-4CAF-9F18-971A30B35A5E}.Release|Any CPU.ActiveCfg = Release|Any CPU
		{1F4E8339-BC3E-4CAF-9F18-971A30B35A5E}.Release|Any CPU.Build.0 = Release|Any CPU
		{CF6C832B-22FB-47CB-8F75-456F2B966FC9}.Debug|Any CPU.ActiveCfg = Debug|Any CPU
		{CF6C832B-22FB-47CB-8F75-456F2B966FC9}.Debug|Any CPU.Build.0 = Debug|Any CPU
		{CF6C832B-22FB-47CB-8F75-456F2B966FC9}.NET35-Debug|Any CPU.ActiveCfg = Debug|Any CPU
		{CF6C832B-22FB-47CB-8F75-456F2B966FC9}.NET35-Debug|Any CPU.Build.0 = Debug|Any CPU
		{CF6C832B-22FB-47CB-8F75-456F2B966FC9}.NET35-Release|Any CPU.ActiveCfg = Release|Any CPU
		{CF6C832B-22FB-47CB-8F75-456F2B966FC9}.NET35-Release|Any CPU.Build.0 = Release|Any CPU
		{CF6C832B-22FB-47CB-8F75-456F2B966FC9}.NET40-Debug|Any CPU.ActiveCfg = Debug|Any CPU
		{CF6C832B-22FB-47CB-8F75-456F2B966FC9}.NET40-Debug|Any CPU.Build.0 = Debug|Any CPU
		{CF6C832B-22FB-47CB-8F75-456F2B966FC9}.NET40-Release|Any CPU.ActiveCfg = Release|Any CPU
		{CF6C832B-22FB-47CB-8F75-456F2B966FC9}.NET40-Release|Any CPU.Build.0 = Release|Any CPU
		{CF6C832B-22FB-47CB-8F75-456F2B966FC9}.NET45-Debug|Any CPU.ActiveCfg = Debug|Any CPU
		{CF6C832B-22FB-47CB-8F75-456F2B966FC9}.NET45-Debug|Any CPU.Build.0 = Debug|Any CPU
		{CF6C832B-22FB-47CB-8F75-456F2B966FC9}.NET45-Release|Any CPU.ActiveCfg = Release|Any CPU
		{CF6C832B-22FB-47CB-8F75-456F2B966FC9}.NET45-Release|Any CPU.Build.0 = Release|Any CPU
		{CF6C832B-22FB-47CB-8F75-456F2B966FC9}.Release|Any CPU.ActiveCfg = Release|Any CPU
		{CF6C832B-22FB-47CB-8F75-456F2B966FC9}.Release|Any CPU.Build.0 = Release|Any CPU
		{0E134DFA-4A4C-40DC-B669-E1EE7821D20E}.Debug|Any CPU.ActiveCfg = Debug|Any CPU
		{0E134DFA-4A4C-40DC-B669-E1EE7821D20E}.Debug|Any CPU.Build.0 = Debug|Any CPU
		{0E134DFA-4A4C-40DC-B669-E1EE7821D20E}.NET35-Debug|Any CPU.ActiveCfg = Debug|Any CPU
		{0E134DFA-4A4C-40DC-B669-E1EE7821D20E}.NET35-Debug|Any CPU.Build.0 = Debug|Any CPU
		{0E134DFA-4A4C-40DC-B669-E1EE7821D20E}.NET35-Release|Any CPU.ActiveCfg = Release|Any CPU
		{0E134DFA-4A4C-40DC-B669-E1EE7821D20E}.NET35-Release|Any CPU.Build.0 = Release|Any CPU
		{0E134DFA-4A4C-40DC-B669-E1EE7821D20E}.NET40-Debug|Any CPU.ActiveCfg = Debug|Any CPU
		{0E134DFA-4A4C-40DC-B669-E1EE7821D20E}.NET40-Debug|Any CPU.Build.0 = Debug|Any CPU
		{0E134DFA-4A4C-40DC-B669-E1EE7821D20E}.NET40-Release|Any CPU.ActiveCfg = Release|Any CPU
		{0E134DFA-4A4C-40DC-B669-E1EE7821D20E}.NET40-Release|Any CPU.Build.0 = Release|Any CPU
		{0E134DFA-4A4C-40DC-B669-E1EE7821D20E}.NET45-Debug|Any CPU.ActiveCfg = Debug|Any CPU
		{0E134DFA-4A4C-40DC-B669-E1EE7821D20E}.NET45-Debug|Any CPU.Build.0 = Debug|Any CPU
		{0E134DFA-4A4C-40DC-B669-E1EE7821D20E}.NET45-Release|Any CPU.ActiveCfg = Release|Any CPU
		{0E134DFA-4A4C-40DC-B669-E1EE7821D20E}.NET45-Release|Any CPU.Build.0 = Release|Any CPU
		{0E134DFA-4A4C-40DC-B669-E1EE7821D20E}.Release|Any CPU.ActiveCfg = Release|Any CPU
		{0E134DFA-4A4C-40DC-B669-E1EE7821D20E}.Release|Any CPU.Build.0 = Release|Any CPU
		{B5D378F7-921B-4415-B472-5971C5F3CB65}.Debug|Any CPU.ActiveCfg = Debug|Any CPU
		{B5D378F7-921B-4415-B472-5971C5F3CB65}.Debug|Any CPU.Build.0 = Debug|Any CPU
		{B5D378F7-921B-4415-B472-5971C5F3CB65}.NET35-Debug|Any CPU.ActiveCfg = Debug|Any CPU
		{B5D378F7-921B-4415-B472-5971C5F3CB65}.NET35-Debug|Any CPU.Build.0 = Debug|Any CPU
		{B5D378F7-921B-4415-B472-5971C5F3CB65}.NET35-Release|Any CPU.ActiveCfg = Release|Any CPU
		{B5D378F7-921B-4415-B472-5971C5F3CB65}.NET35-Release|Any CPU.Build.0 = Release|Any CPU
		{B5D378F7-921B-4415-B472-5971C5F3CB65}.NET40-Debug|Any CPU.ActiveCfg = Debug|Any CPU
		{B5D378F7-921B-4415-B472-5971C5F3CB65}.NET40-Debug|Any CPU.Build.0 = Debug|Any CPU
		{B5D378F7-921B-4415-B472-5971C5F3CB65}.NET40-Release|Any CPU.ActiveCfg = Release|Any CPU
		{B5D378F7-921B-4415-B472-5971C5F3CB65}.NET40-Release|Any CPU.Build.0 = Release|Any CPU
		{B5D378F7-921B-4415-B472-5971C5F3CB65}.NET45-Debug|Any CPU.ActiveCfg = Debug|Any CPU
		{B5D378F7-921B-4415-B472-5971C5F3CB65}.NET45-Debug|Any CPU.Build.0 = Debug|Any CPU
		{B5D378F7-921B-4415-B472-5971C5F3CB65}.NET45-Release|Any CPU.ActiveCfg = Release|Any CPU
		{B5D378F7-921B-4415-B472-5971C5F3CB65}.NET45-Release|Any CPU.Build.0 = Release|Any CPU
		{B5D378F7-921B-4415-B472-5971C5F3CB65}.Release|Any CPU.ActiveCfg = Release|Any CPU
		{B5D378F7-921B-4415-B472-5971C5F3CB65}.Release|Any CPU.Build.0 = Release|Any CPU
		{BA3E5835-8344-4F4F-96AE-C2A1270735F0}.Debug|Any CPU.ActiveCfg = Debug|Any CPU
		{BA3E5835-8344-4F4F-96AE-C2A1270735F0}.Debug|Any CPU.Build.0 = Debug|Any CPU
		{BA3E5835-8344-4F4F-96AE-C2A1270735F0}.NET35-Debug|Any CPU.ActiveCfg = Debug|Any CPU
		{BA3E5835-8344-4F4F-96AE-C2A1270735F0}.NET35-Debug|Any CPU.Build.0 = Debug|Any CPU
		{BA3E5835-8344-4F4F-96AE-C2A1270735F0}.NET35-Release|Any CPU.ActiveCfg = Release|Any CPU
		{BA3E5835-8344-4F4F-96AE-C2A1270735F0}.NET35-Release|Any CPU.Build.0 = Release|Any CPU
		{BA3E5835-8344-4F4F-96AE-C2A1270735F0}.NET40-Debug|Any CPU.ActiveCfg = Debug|Any CPU
		{BA3E5835-8344-4F4F-96AE-C2A1270735F0}.NET40-Debug|Any CPU.Build.0 = Debug|Any CPU
		{BA3E5835-8344-4F4F-96AE-C2A1270735F0}.NET40-Release|Any CPU.ActiveCfg = Release|Any CPU
		{BA3E5835-8344-4F4F-96AE-C2A1270735F0}.NET40-Release|Any CPU.Build.0 = Release|Any CPU
		{BA3E5835-8344-4F4F-96AE-C2A1270735F0}.NET45-Debug|Any CPU.ActiveCfg = Debug|Any CPU
		{BA3E5835-8344-4F4F-96AE-C2A1270735F0}.NET45-Debug|Any CPU.Build.0 = Debug|Any CPU
		{BA3E5835-8344-4F4F-96AE-C2A1270735F0}.NET45-Release|Any CPU.ActiveCfg = Release|Any CPU
		{BA3E5835-8344-4F4F-96AE-C2A1270735F0}.NET45-Release|Any CPU.Build.0 = Release|Any CPU
		{BA3E5835-8344-4F4F-96AE-C2A1270735F0}.Release|Any CPU.ActiveCfg = Release|Any CPU
		{BA3E5835-8344-4F4F-96AE-C2A1270735F0}.Release|Any CPU.Build.0 = Release|Any CPU
	EndGlobalSection
	GlobalSection(SolutionProperties) = preSolution
		HideSolutionNode = FALSE
	EndGlobalSection
	GlobalSection(NestedProjects) = preSolution
		{1F4E8339-BC3E-4CAF-9F18-971A30B35A5E} = {E0848B61-5C73-433D-9CE2-AE1E79C4DF5B}
		{CF6C832B-22FB-47CB-8F75-456F2B966FC9} = {E0848B61-5C73-433D-9CE2-AE1E79C4DF5B}
		{0E134DFA-4A4C-40DC-B669-E1EE7821D20E} = {E0848B61-5C73-433D-9CE2-AE1E79C4DF5B}
		{B5D378F7-921B-4415-B472-5971C5F3CB65} = {E0848B61-5C73-433D-9CE2-AE1E79C4DF5B}
		{BA3E5835-8344-4F4F-96AE-C2A1270735F0} = {E0848B61-5C73-433D-9CE2-AE1E79C4DF5B}
	EndGlobalSection
EndGlobal
